// !$*UTF8*$!
{
	archiveVersion = 1;
	classes = {
	};
	objectVersion = 50;
	objects = {

/* Begin PBXBuildFile section */
		33933BE3FFD173F10F290811 /* Pods_Movies.framework in Frameworks */ = {isa = PBXBuildFile; fileRef = 85C96D797F5D4B80DB6E94C5 /* Pods_Movies.framework */; };
		9A3BB2F32209EB4900722A40 /* AppDelegate.swift in Sources */ = {isa = PBXBuildFile; fileRef = 9A3BB2F22209EB4900722A40 /* AppDelegate.swift */; };
		9A3BB2FA2209EB4900722A40 /* Assets.xcassets in Resources */ = {isa = PBXBuildFile; fileRef = 9A3BB2F92209EB4900722A40 /* Assets.xcassets */; };
		9A3BB2FD2209EB4900722A40 /* LaunchScreen.storyboard in Resources */ = {isa = PBXBuildFile; fileRef = 9A3BB2FB2209EB4900722A40 /* LaunchScreen.storyboard */; };
		9A3BB31B2209F3C700722A40 /* MovieListIO.swift in Sources */ = {isa = PBXBuildFile; fileRef = 9A3BB3192209F3C700722A40 /* MovieListIO.swift */; };
		9A3BB31C2209F3C700722A40 /* MovieListItem.swift in Sources */ = {isa = PBXBuildFile; fileRef = 9A3BB31A2209F3C700722A40 /* MovieListItem.swift */; };
		9A3BB3202209F3E600722A40 /* MovieListGateway.swift in Sources */ = {isa = PBXBuildFile; fileRef = 9A3BB31E2209F3E600722A40 /* MovieListGateway.swift */; };
		9A3BB3212209F3E600722A40 /* MovieListResponse.swift in Sources */ = {isa = PBXBuildFile; fileRef = 9A3BB31F2209F3E600722A40 /* MovieListResponse.swift */; };
		9A3BB3232209F3F100722A40 /* MovieList.swift in Sources */ = {isa = PBXBuildFile; fileRef = 9A3BB3222209F3F100722A40 /* MovieList.swift */; };
		9A3BB3252209F47200722A40 /* DefaultMovieListGateway.swift in Sources */ = {isa = PBXBuildFile; fileRef = 9A3BB3242209F47200722A40 /* DefaultMovieListGateway.swift */; };
		9A3BB3292209F50700722A40 /* MovieListConfig.swift in Sources */ = {isa = PBXBuildFile; fileRef = 9A3BB3282209F50700722A40 /* MovieListConfig.swift */; };
		9A3BB32B220AD44200722A40 /* MovieListTests.swift in Sources */ = {isa = PBXBuildFile; fileRef = 9A3BB32A220AD44200722A40 /* MovieListTests.swift */; };
		9A3BB32D220AE23B00722A40 /* MovieListStorage.swift in Sources */ = {isa = PBXBuildFile; fileRef = 9A3BB32C220AE23B00722A40 /* MovieListStorage.swift */; };
		9A3BB330220AE94100722A40 /* TestMovieListGateway.swift in Sources */ = {isa = PBXBuildFile; fileRef = 9A3BB32F220AE94100722A40 /* TestMovieListGateway.swift */; };
		9A3BB332220AE96900722A40 /* TestMovieListModelOutput.swift in Sources */ = {isa = PBXBuildFile; fileRef = 9A3BB331220AE96900722A40 /* TestMovieListModelOutput.swift */; };
		9A3BB334220AEB2C00722A40 /* TestError.swift in Sources */ = {isa = PBXBuildFile; fileRef = 9A3BB333220AEB2C00722A40 /* TestError.swift */; };
		9A3BB336220AF46300722A40 /* MovieListPresenter.swift in Sources */ = {isa = PBXBuildFile; fileRef = 9A3BB335220AF46300722A40 /* MovieListPresenter.swift */; };
		9A3BB338220AF48200722A40 /* MovieListViewIO.swift in Sources */ = {isa = PBXBuildFile; fileRef = 9A3BB337220AF48200722A40 /* MovieListViewIO.swift */; };
		9A3BB33F220AF5CB00722A40 /* TestMovieListStorage.swift in Sources */ = {isa = PBXBuildFile; fileRef = 9A3BB33E220AF5CB00722A40 /* TestMovieListStorage.swift */; };
		9A3BB341220B059E00722A40 /* MovieListViewController.storyboard in Resources */ = {isa = PBXBuildFile; fileRef = 9A3BB340220B059E00722A40 /* MovieListViewController.storyboard */; };
		9A3BB343220B05AD00722A40 /* MovieListViewController.swift in Sources */ = {isa = PBXBuildFile; fileRef = 9A3BB342220B05AD00722A40 /* MovieListViewController.swift */; };
		9A3BB346220B068900722A40 /* MovieListTableViewCell.swift in Sources */ = {isa = PBXBuildFile; fileRef = 9A3BB345220B068900722A40 /* MovieListTableViewCell.swift */; };
		9A449902221455F40062BB85 /* UIViewController+Storyboard.swift in Sources */ = {isa = PBXBuildFile; fileRef = 9A449901221455F40062BB85 /* UIViewController+Storyboard.swift */; };
		9A975918220DAF32006FAC8A /* UITableView+Convenience.swift in Sources */ = {isa = PBXBuildFile; fileRef = 9A975917220DAF32006FAC8A /* UITableView+Convenience.swift */; };
		9AA400FB220B097C00222C62 /* DependencyContainer.swift in Sources */ = {isa = PBXBuildFile; fileRef = 9AA400FA220B097C00222C62 /* DependencyContainer.swift */; };
		9AA400FD220B0C5400222C62 /* MovieListDisplayItem.swift in Sources */ = {isa = PBXBuildFile; fileRef = 9AA400FC220B0C5400222C62 /* MovieListDisplayItem.swift */; };
		9AA400FF220B0C8300222C62 /* MovieListDisplayItemSource.swift in Sources */ = {isa = PBXBuildFile; fileRef = 9AA400FE220B0C8300222C62 /* MovieListDisplayItemSource.swift */; };
		9AA40101220B2F0400222C62 /* MovieListItem+Create.swift in Sources */ = {isa = PBXBuildFile; fileRef = 9AA40100220B2F0300222C62 /* MovieListItem+Create.swift */; };
		C056F4A459F75789FA2E4840 /* Pods_MoviesTests.framework in Frameworks */ = {isa = PBXBuildFile; fileRef = BA01F1EFD3B7A7D72EAE1E98 /* Pods_MoviesTests.framework */; };
/* End PBXBuildFile section */

/* Begin PBXContainerItemProxy section */
		9A3BB3042209EB4900722A40 /* PBXContainerItemProxy */ = {
			isa = PBXContainerItemProxy;
			containerPortal = 9A3BB2E72209EB4900722A40 /* Project object */;
			proxyType = 1;
			remoteGlobalIDString = 9A3BB2EE2209EB4900722A40;
			remoteInfo = Movies;
		};
/* End PBXContainerItemProxy section */

/* Begin PBXFileReference section */
		283E2DA4B631396316546F01 /* Pods-Movies.debug.xcconfig */ = {isa = PBXFileReference; includeInIndex = 1; lastKnownFileType = text.xcconfig; name = "Pods-Movies.debug.xcconfig"; path = "Pods/Target Support Files/Pods-Movies/Pods-Movies.debug.xcconfig"; sourceTree = "<group>"; };
		52385860606F8D1ECFC2EA08 /* Pods-Movies.release.xcconfig */ = {isa = PBXFileReference; includeInIndex = 1; lastKnownFileType = text.xcconfig; name = "Pods-Movies.release.xcconfig"; path = "Pods/Target Support Files/Pods-Movies/Pods-Movies.release.xcconfig"; sourceTree = "<group>"; };
		85C96D797F5D4B80DB6E94C5 /* Pods_Movies.framework */ = {isa = PBXFileReference; explicitFileType = wrapper.framework; includeInIndex = 0; path = Pods_Movies.framework; sourceTree = BUILT_PRODUCTS_DIR; };
		8EB390E213811350330B11C5 /* Pods-MoviesTests.release.xcconfig */ = {isa = PBXFileReference; includeInIndex = 1; lastKnownFileType = text.xcconfig; name = "Pods-MoviesTests.release.xcconfig"; path = "Pods/Target Support Files/Pods-MoviesTests/Pods-MoviesTests.release.xcconfig"; sourceTree = "<group>"; };
		9A3BB2EF2209EB4900722A40 /* Movies.app */ = {isa = PBXFileReference; explicitFileType = wrapper.application; includeInIndex = 0; path = Movies.app; sourceTree = BUILT_PRODUCTS_DIR; };
		9A3BB2F22209EB4900722A40 /* AppDelegate.swift */ = {isa = PBXFileReference; lastKnownFileType = sourcecode.swift; path = AppDelegate.swift; sourceTree = "<group>"; };
		9A3BB2F92209EB4900722A40 /* Assets.xcassets */ = {isa = PBXFileReference; lastKnownFileType = folder.assetcatalog; path = Assets.xcassets; sourceTree = "<group>"; };
		9A3BB2FC2209EB4900722A40 /* Base */ = {isa = PBXFileReference; lastKnownFileType = file.storyboard; name = Base; path = Base.lproj/LaunchScreen.storyboard; sourceTree = "<group>"; };
		9A3BB2FE2209EB4900722A40 /* Info.plist */ = {isa = PBXFileReference; lastKnownFileType = text.plist.xml; path = Info.plist; sourceTree = "<group>"; };
		9A3BB3032209EB4900722A40 /* MoviesTests.xctest */ = {isa = PBXFileReference; explicitFileType = wrapper.cfbundle; includeInIndex = 0; path = MoviesTests.xctest; sourceTree = BUILT_PRODUCTS_DIR; };
		9A3BB3092209EB4900722A40 /* Info.plist */ = {isa = PBXFileReference; lastKnownFileType = text.plist.xml; path = Info.plist; sourceTree = "<group>"; };
		9A3BB3192209F3C700722A40 /* MovieListIO.swift */ = {isa = PBXFileReference; fileEncoding = 4; lastKnownFileType = sourcecode.swift; path = MovieListIO.swift; sourceTree = "<group>"; };
		9A3BB31A2209F3C700722A40 /* MovieListItem.swift */ = {isa = PBXFileReference; fileEncoding = 4; lastKnownFileType = sourcecode.swift; path = MovieListItem.swift; sourceTree = "<group>"; };
		9A3BB31E2209F3E600722A40 /* MovieListGateway.swift */ = {isa = PBXFileReference; fileEncoding = 4; lastKnownFileType = sourcecode.swift; path = MovieListGateway.swift; sourceTree = "<group>"; };
		9A3BB31F2209F3E600722A40 /* MovieListResponse.swift */ = {isa = PBXFileReference; fileEncoding = 4; lastKnownFileType = sourcecode.swift; path = MovieListResponse.swift; sourceTree = "<group>"; };
		9A3BB3222209F3F100722A40 /* MovieList.swift */ = {isa = PBXFileReference; fileEncoding = 4; lastKnownFileType = sourcecode.swift; path = MovieList.swift; sourceTree = "<group>"; };
		9A3BB3242209F47200722A40 /* DefaultMovieListGateway.swift */ = {isa = PBXFileReference; fileEncoding = 4; lastKnownFileType = sourcecode.swift; path = DefaultMovieListGateway.swift; sourceTree = "<group>"; };
		9A3BB3282209F50700722A40 /* MovieListConfig.swift */ = {isa = PBXFileReference; fileEncoding = 4; lastKnownFileType = sourcecode.swift; path = MovieListConfig.swift; sourceTree = "<group>"; };
		9A3BB32A220AD44200722A40 /* MovieListTests.swift */ = {isa = PBXFileReference; lastKnownFileType = sourcecode.swift; path = MovieListTests.swift; sourceTree = "<group>"; };
		9A3BB32C220AE23B00722A40 /* MovieListStorage.swift */ = {isa = PBXFileReference; lastKnownFileType = sourcecode.swift; path = MovieListStorage.swift; sourceTree = "<group>"; };
		9A3BB32F220AE94100722A40 /* TestMovieListGateway.swift */ = {isa = PBXFileReference; lastKnownFileType = sourcecode.swift; path = TestMovieListGateway.swift; sourceTree = "<group>"; };
		9A3BB331220AE96900722A40 /* TestMovieListModelOutput.swift */ = {isa = PBXFileReference; lastKnownFileType = sourcecode.swift; path = TestMovieListModelOutput.swift; sourceTree = "<group>"; };
		9A3BB333220AEB2C00722A40 /* TestError.swift */ = {isa = PBXFileReference; lastKnownFileType = sourcecode.swift; path = TestError.swift; sourceTree = "<group>"; };
		9A3BB335220AF46300722A40 /* MovieListPresenter.swift */ = {isa = PBXFileReference; lastKnownFileType = sourcecode.swift; path = MovieListPresenter.swift; sourceTree = "<group>"; };
		9A3BB337220AF48200722A40 /* MovieListViewIO.swift */ = {isa = PBXFileReference; lastKnownFileType = sourcecode.swift; path = MovieListViewIO.swift; sourceTree = "<group>"; };
		9A3BB33E220AF5CB00722A40 /* TestMovieListStorage.swift */ = {isa = PBXFileReference; lastKnownFileType = sourcecode.swift; path = TestMovieListStorage.swift; sourceTree = "<group>"; };
		9A3BB340220B059E00722A40 /* MovieListViewController.storyboard */ = {isa = PBXFileReference; lastKnownFileType = file.storyboard; path = MovieListViewController.storyboard; sourceTree = "<group>"; };
		9A3BB342220B05AD00722A40 /* MovieListViewController.swift */ = {isa = PBXFileReference; lastKnownFileType = sourcecode.swift; path = MovieListViewController.swift; sourceTree = "<group>"; };
		9A3BB345220B068900722A40 /* MovieListTableViewCell.swift */ = {isa = PBXFileReference; lastKnownFileType = sourcecode.swift; path = MovieListTableViewCell.swift; sourceTree = "<group>"; };
		9A449901221455F40062BB85 /* UIViewController+Storyboard.swift */ = {isa = PBXFileReference; lastKnownFileType = sourcecode.swift; path = "UIViewController+Storyboard.swift"; sourceTree = "<group>"; };
		9A975917220DAF32006FAC8A /* UITableView+Convenience.swift */ = {isa = PBXFileReference; lastKnownFileType = sourcecode.swift; path = "UITableView+Convenience.swift"; sourceTree = "<group>"; };
		9AA400FA220B097C00222C62 /* DependencyContainer.swift */ = {isa = PBXFileReference; lastKnownFileType = sourcecode.swift; path = DependencyContainer.swift; sourceTree = "<group>"; };
		9AA400FC220B0C5400222C62 /* MovieListDisplayItem.swift */ = {isa = PBXFileReference; lastKnownFileType = sourcecode.swift; path = MovieListDisplayItem.swift; sourceTree = "<group>"; };
		9AA400FE220B0C8300222C62 /* MovieListDisplayItemSource.swift */ = {isa = PBXFileReference; lastKnownFileType = sourcecode.swift; path = MovieListDisplayItemSource.swift; sourceTree = "<group>"; };
		9AA40100220B2F0300222C62 /* MovieListItem+Create.swift */ = {isa = PBXFileReference; lastKnownFileType = sourcecode.swift; path = "MovieListItem+Create.swift"; sourceTree = "<group>"; };
		BA01F1EFD3B7A7D72EAE1E98 /* Pods_MoviesTests.framework */ = {isa = PBXFileReference; explicitFileType = wrapper.framework; includeInIndex = 0; path = Pods_MoviesTests.framework; sourceTree = BUILT_PRODUCTS_DIR; };
		DD520EE14760F37CDCDD21EC /* Pods-MoviesTests.debug.xcconfig */ = {isa = PBXFileReference; includeInIndex = 1; lastKnownFileType = text.xcconfig; name = "Pods-MoviesTests.debug.xcconfig"; path = "Pods/Target Support Files/Pods-MoviesTests/Pods-MoviesTests.debug.xcconfig"; sourceTree = "<group>"; };
/* End PBXFileReference section */

/* Begin PBXFrameworksBuildPhase section */
		9A3BB2EC2209EB4900722A40 /* Frameworks */ = {
			isa = PBXFrameworksBuildPhase;
			buildActionMask = 2147483647;
			files = (
				33933BE3FFD173F10F290811 /* Pods_Movies.framework in Frameworks */,
			);
			runOnlyForDeploymentPostprocessing = 0;
		};
		9A3BB3002209EB4900722A40 /* Frameworks */ = {
			isa = PBXFrameworksBuildPhase;
			buildActionMask = 2147483647;
			files = (
				C056F4A459F75789FA2E4840 /* Pods_MoviesTests.framework in Frameworks */,
			);
			runOnlyForDeploymentPostprocessing = 0;
		};
/* End PBXFrameworksBuildPhase section */

/* Begin PBXGroup section */
		28F9D184DD084B890708BA5C /* Pods */ = {
			isa = PBXGroup;
			children = (
				283E2DA4B631396316546F01 /* Pods-Movies.debug.xcconfig */,
				52385860606F8D1ECFC2EA08 /* Pods-Movies.release.xcconfig */,
				DD520EE14760F37CDCDD21EC /* Pods-MoviesTests.debug.xcconfig */,
				8EB390E213811350330B11C5 /* Pods-MoviesTests.release.xcconfig */,
			);
			name = Pods;
			sourceTree = "<group>";
		};
		39535AA5D26445D90734748E /* Frameworks */ = {
			isa = PBXGroup;
			children = (
				85C96D797F5D4B80DB6E94C5 /* Pods_Movies.framework */,
				BA01F1EFD3B7A7D72EAE1E98 /* Pods_MoviesTests.framework */,
			);
			name = Frameworks;
			sourceTree = "<group>";
		};
		9A3BB2E62209EB4900722A40 = {
			isa = PBXGroup;
			children = (
				9A3BB2F12209EB4900722A40 /* Movies */,
				9A3BB3062209EB4900722A40 /* MoviesTests */,
				9A3BB2F02209EB4900722A40 /* Products */,
				28F9D184DD084B890708BA5C /* Pods */,
				39535AA5D26445D90734748E /* Frameworks */,
			);
			sourceTree = "<group>";
		};
		9A3BB2F02209EB4900722A40 /* Products */ = {
			isa = PBXGroup;
			children = (
				9A3BB2EF2209EB4900722A40 /* Movies.app */,
				9A3BB3032209EB4900722A40 /* MoviesTests.xctest */,
			);
			name = Products;
			sourceTree = "<group>";
		};
		9A3BB2F12209EB4900722A40 /* Movies */ = {
			isa = PBXGroup;
			children = (
				9A3BB3152209F30200722A40 /* Supporting Files */,
				9A3BB3122209F23900722A40 /* Modules */,
				9A3BB2F22209EB4900722A40 /* AppDelegate.swift */,
			);
			path = Movies;
			sourceTree = "<group>";
		};
		9A3BB3062209EB4900722A40 /* MoviesTests */ = {
			isa = PBXGroup;
			children = (
				9A3BB32E220AE92A00722A40 /* MovieList */,
				9A3BB3092209EB4900722A40 /* Info.plist */,
			);
			path = MoviesTests;
			sourceTree = "<group>";
		};
		9A3BB3122209F23900722A40 /* Modules */ = {
			isa = PBXGroup;
			children = (
				9AA400F9220B096300222C62 /* Common */,
				9A3BB3132209F2D900722A40 /* MovieList */,
			);
			path = Modules;
			sourceTree = "<group>";
		};
		9A3BB3132209F2D900722A40 /* MovieList */ = {
			isa = PBXGroup;
			children = (
				9A3BB3282209F50700722A40 /* MovieListConfig.swift */,
				9A3BB3182209F3B200722A40 /* Model */,
				9A3BB3172209F3AC00722A40 /* View */,
				9A3BB3162209F3AC00722A40 /* Presenter */,
			);
			path = MovieList;
			sourceTree = "<group>";
		};
		9A3BB3152209F30200722A40 /* Supporting Files */ = {
			isa = PBXGroup;
			children = (
				9A3BB2F92209EB4900722A40 /* Assets.xcassets */,
				9A3BB2FB2209EB4900722A40 /* LaunchScreen.storyboard */,
				9A3BB2FE2209EB4900722A40 /* Info.plist */,
			);
			path = "Supporting Files";
			sourceTree = "<group>";
		};
		9A3BB3162209F3AC00722A40 /* Presenter */ = {
			isa = PBXGroup;
			children = (
				9A3BB335220AF46300722A40 /* MovieListPresenter.swift */,
			);
			path = Presenter;
			sourceTree = "<group>";
		};
		9A3BB3172209F3AC00722A40 /* View */ = {
			isa = PBXGroup;
			children = (
				9AA40102220B396000222C62 /* DisplayItem */,
				9A3BB344220B067700722A40 /* Table */,
				9A3BB337220AF48200722A40 /* MovieListViewIO.swift */,
				9A3BB342220B05AD00722A40 /* MovieListViewController.swift */,
				9A3BB340220B059E00722A40 /* MovieListViewController.storyboard */,
			);
			path = View;
			sourceTree = "<group>";
		};
		9A3BB3182209F3B200722A40 /* Model */ = {
			isa = PBXGroup;
			children = (
				9A3BB31D2209F3DA00722A40 /* Gateway */,
				9A3BB3192209F3C700722A40 /* MovieListIO.swift */,
				9A3BB3222209F3F100722A40 /* MovieList.swift */,
				9A3BB31A2209F3C700722A40 /* MovieListItem.swift */,
				9A3BB32C220AE23B00722A40 /* MovieListStorage.swift */,
			);
			path = Model;
			sourceTree = "<group>";
		};
		9A3BB31D2209F3DA00722A40 /* Gateway */ = {
			isa = PBXGroup;
			children = (
				9A3BB31E2209F3E600722A40 /* MovieListGateway.swift */,
				9A3BB3242209F47200722A40 /* DefaultMovieListGateway.swift */,
				9A3BB31F2209F3E600722A40 /* MovieListResponse.swift */,
			);
			path = Gateway;
			sourceTree = "<group>";
		};
		9A3BB32E220AE92A00722A40 /* MovieList */ = {
			isa = PBXGroup;
			children = (
				9A3BB33D220AF5B500722A40 /* Common */,
				9A3BB339220AF4FA00722A40 /* Model */,
			);
			path = MovieList;
			sourceTree = "<group>";
		};
		9A3BB339220AF4FA00722A40 /* Model */ = {
			isa = PBXGroup;
			children = (
				9A3BB32A220AD44200722A40 /* MovieListTests.swift */,
			);
			path = Model;
			sourceTree = "<group>";
		};
		9A3BB33D220AF5B500722A40 /* Common */ = {
			isa = PBXGroup;
			children = (
				9A3BB333220AEB2C00722A40 /* TestError.swift */,
				9A3BB32F220AE94100722A40 /* TestMovieListGateway.swift */,
				9AA40100220B2F0300222C62 /* MovieListItem+Create.swift */,
				9A3BB331220AE96900722A40 /* TestMovieListModelOutput.swift */,
				9A3BB33E220AF5CB00722A40 /* TestMovieListStorage.swift */,
			);
			path = Common;
			sourceTree = "<group>";
		};
		9A3BB344220B067700722A40 /* Table */ = {
			isa = PBXGroup;
			children = (
				9A3BB345220B068900722A40 /* MovieListTableViewCell.swift */,
			);
			path = Table;
			sourceTree = "<group>";
		};
		9A975916220DAF15006FAC8A /* Extensions */ = {
			isa = PBXGroup;
			children = (
				9A975917220DAF32006FAC8A /* UITableView+Convenience.swift */,
				9A449901221455F40062BB85 /* UIViewController+Storyboard.swift */,
			);
			path = Extensions;
			sourceTree = "<group>";
		};
		9AA400F9220B096300222C62 /* Common */ = {
			isa = PBXGroup;
			children = (
				9A975916220DAF15006FAC8A /* Extensions */,
				9AA400FA220B097C00222C62 /* DependencyContainer.swift */,
			);
			path = Common;
			sourceTree = "<group>";
		};
		9AA40102220B396000222C62 /* DisplayItem */ = {
			isa = PBXGroup;
			children = (
				9AA400FC220B0C5400222C62 /* MovieListDisplayItem.swift */,
				9AA400FE220B0C8300222C62 /* MovieListDisplayItemSource.swift */,
			);
			path = DisplayItem;
			sourceTree = "<group>";
		};
/* End PBXGroup section */

/* Begin PBXNativeTarget section */
		9A3BB2EE2209EB4900722A40 /* Movies */ = {
			isa = PBXNativeTarget;
			buildConfigurationList = 9A3BB30C2209EB4900722A40 /* Build configuration list for PBXNativeTarget "Movies" */;
			buildPhases = (
				57F5DCB2F67455883290A13B /* [CP] Check Pods Manifest.lock */,
				9A3BB2EB2209EB4900722A40 /* Sources */,
				9A3BB2EC2209EB4900722A40 /* Frameworks */,
				9A3BB2ED2209EB4900722A40 /* Resources */,
				7CF98889709DEB90A08F6BFD /* [CP] Embed Pods Frameworks */,
			);
			buildRules = (
			);
			dependencies = (
			);
			name = Movies;
			productName = Movies;
			productReference = 9A3BB2EF2209EB4900722A40 /* Movies.app */;
			productType = "com.apple.product-type.application";
		};
		9A3BB3022209EB4900722A40 /* MoviesTests */ = {
			isa = PBXNativeTarget;
			buildConfigurationList = 9A3BB30F2209EB4900722A40 /* Build configuration list for PBXNativeTarget "MoviesTests" */;
			buildPhases = (
				8BA3E53B98F195C15BE65396 /* [CP] Check Pods Manifest.lock */,
				9A3BB2FF2209EB4900722A40 /* Sources */,
				9A3BB3002209EB4900722A40 /* Frameworks */,
				9A3BB3012209EB4900722A40 /* Resources */,
			);
			buildRules = (
			);
			dependencies = (
				9A3BB3052209EB4900722A40 /* PBXTargetDependency */,
			);
			name = MoviesTests;
			productName = MoviesTests;
			productReference = 9A3BB3032209EB4900722A40 /* MoviesTests.xctest */;
			productType = "com.apple.product-type.bundle.unit-test";
		};
/* End PBXNativeTarget section */

/* Begin PBXProject section */
		9A3BB2E72209EB4900722A40 /* Project object */ = {
			isa = PBXProject;
			attributes = {
				LastSwiftUpdateCheck = 1010;
				LastUpgradeCheck = 1010;
				ORGANIZATIONNAME = dennytwix;
				TargetAttributes = {
					9A3BB2EE2209EB4900722A40 = {
						CreatedOnToolsVersion = 10.1;
					};
					9A3BB3022209EB4900722A40 = {
						CreatedOnToolsVersion = 10.1;
						TestTargetID = 9A3BB2EE2209EB4900722A40;
					};
				};
			};
			buildConfigurationList = 9A3BB2EA2209EB4900722A40 /* Build configuration list for PBXProject "Movies" */;
			compatibilityVersion = "Xcode 9.3";
			developmentRegion = en;
			hasScannedForEncodings = 0;
			knownRegions = (
				en,
				Base,
			);
			mainGroup = 9A3BB2E62209EB4900722A40;
			productRefGroup = 9A3BB2F02209EB4900722A40 /* Products */;
			projectDirPath = "";
			projectRoot = "";
			targets = (
				9A3BB2EE2209EB4900722A40 /* Movies */,
				9A3BB3022209EB4900722A40 /* MoviesTests */,
			);
		};
/* End PBXProject section */

/* Begin PBXResourcesBuildPhase section */
		9A3BB2ED2209EB4900722A40 /* Resources */ = {
			isa = PBXResourcesBuildPhase;
			buildActionMask = 2147483647;
			files = (
				9A3BB2FD2209EB4900722A40 /* LaunchScreen.storyboard in Resources */,
				9A3BB2FA2209EB4900722A40 /* Assets.xcassets in Resources */,
				9A3BB341220B059E00722A40 /* MovieListViewController.storyboard in Resources */,
			);
			runOnlyForDeploymentPostprocessing = 0;
		};
		9A3BB3012209EB4900722A40 /* Resources */ = {
			isa = PBXResourcesBuildPhase;
			buildActionMask = 2147483647;
			files = (
			);
			runOnlyForDeploymentPostprocessing = 0;
		};
/* End PBXResourcesBuildPhase section */

/* Begin PBXShellScriptBuildPhase section */
		57F5DCB2F67455883290A13B /* [CP] Check Pods Manifest.lock */ = {
			isa = PBXShellScriptBuildPhase;
			buildActionMask = 2147483647;
			files = (
			);
			inputFileListPaths = (
			);
			inputPaths = (
				"${PODS_PODFILE_DIR_PATH}/Podfile.lock",
				"${PODS_ROOT}/Manifest.lock",
			);
			name = "[CP] Check Pods Manifest.lock";
			outputFileListPaths = (
			);
			outputPaths = (
				"$(DERIVED_FILE_DIR)/Pods-Movies-checkManifestLockResult.txt",
			);
			runOnlyForDeploymentPostprocessing = 0;
			shellPath = /bin/sh;
			shellScript = "diff \"${PODS_PODFILE_DIR_PATH}/Podfile.lock\" \"${PODS_ROOT}/Manifest.lock\" > /dev/null\nif [ $? != 0 ] ; then\n    # print error to STDERR\n    echo \"error: The sandbox is not in sync with the Podfile.lock. Run 'pod install' or update your CocoaPods installation.\" >&2\n    exit 1\nfi\n# This output is used by Xcode 'outputs' to avoid re-running this script phase.\necho \"SUCCESS\" > \"${SCRIPT_OUTPUT_FILE_0}\"\n";
			showEnvVarsInLog = 0;
		};
		7CF98889709DEB90A08F6BFD /* [CP] Embed Pods Frameworks */ = {
			isa = PBXShellScriptBuildPhase;
			buildActionMask = 2147483647;
			files = (
			);
			inputFileListPaths = (
			);
			inputPaths = (
				"${SRCROOT}/Pods/Target Support Files/Pods-Movies/Pods-Movies-frameworks.sh",
				"${BUILT_PRODUCTS_DIR}/Alamofire/Alamofire.framework",
				"${BUILT_PRODUCTS_DIR}/Kingfisher/Kingfisher.framework",
			);
			name = "[CP] Embed Pods Frameworks";
			outputFileListPaths = (
			);
			outputPaths = (
				"${TARGET_BUILD_DIR}/${FRAMEWORKS_FOLDER_PATH}/Alamofire.framework",
				"${TARGET_BUILD_DIR}/${FRAMEWORKS_FOLDER_PATH}/Kingfisher.framework",
			);
			runOnlyForDeploymentPostprocessing = 0;
			shellPath = /bin/sh;
			shellScript = "\"${SRCROOT}/Pods/Target Support Files/Pods-Movies/Pods-Movies-frameworks.sh\"\n";
			showEnvVarsInLog = 0;
		};
		8BA3E53B98F195C15BE65396 /* [CP] Check Pods Manifest.lock */ = {
			isa = PBXShellScriptBuildPhase;
			buildActionMask = 2147483647;
			files = (
			);
			inputFileListPaths = (
			);
			inputPaths = (
				"${PODS_PODFILE_DIR_PATH}/Podfile.lock",
				"${PODS_ROOT}/Manifest.lock",
			);
			name = "[CP] Check Pods Manifest.lock";
			outputFileListPaths = (
			);
			outputPaths = (
				"$(DERIVED_FILE_DIR)/Pods-MoviesTests-checkManifestLockResult.txt",
			);
			runOnlyForDeploymentPostprocessing = 0;
			shellPath = /bin/sh;
			shellScript = "diff \"${PODS_PODFILE_DIR_PATH}/Podfile.lock\" \"${PODS_ROOT}/Manifest.lock\" > /dev/null\nif [ $? != 0 ] ; then\n    # print error to STDERR\n    echo \"error: The sandbox is not in sync with the Podfile.lock. Run 'pod install' or update your CocoaPods installation.\" >&2\n    exit 1\nfi\n# This output is used by Xcode 'outputs' to avoid re-running this script phase.\necho \"SUCCESS\" > \"${SCRIPT_OUTPUT_FILE_0}\"\n";
			showEnvVarsInLog = 0;
		};
/* End PBXShellScriptBuildPhase section */

/* Begin PBXSourcesBuildPhase section */
		9A3BB2EB2209EB4900722A40 /* Sources */ = {
			isa = PBXSourcesBuildPhase;
			buildActionMask = 2147483647;
			files = (
				9AA400FB220B097C00222C62 /* DependencyContainer.swift in Sources */,
				9A3BB336220AF46300722A40 /* MovieListPresenter.swift in Sources */,
				9A3BB3232209F3F100722A40 /* MovieList.swift in Sources */,
				9A3BB338220AF48200722A40 /* MovieListViewIO.swift in Sources */,
				9A3BB343220B05AD00722A40 /* MovieListViewController.swift in Sources */,
				9A449902221455F40062BB85 /* UIViewController+Storyboard.swift in Sources */,
				9A975918220DAF32006FAC8A /* UITableView+Convenience.swift in Sources */,
				9A3BB31B2209F3C700722A40 /* MovieListIO.swift in Sources */,
				9AA400FD220B0C5400222C62 /* MovieListDisplayItem.swift in Sources */,
				9A3BB3292209F50700722A40 /* MovieListConfig.swift in Sources */,
				9A3BB32D220AE23B00722A40 /* MovieListStorage.swift in Sources */,
				9A3BB2F32209EB4900722A40 /* AppDelegate.swift in Sources */,
				9AA400FF220B0C8300222C62 /* MovieListDisplayItemSource.swift in Sources */,
				9A3BB346220B068900722A40 /* MovieListTableViewCell.swift in Sources */,
				9A3BB31C2209F3C700722A40 /* MovieListItem.swift in Sources */,
				9A3BB3212209F3E600722A40 /* MovieListResponse.swift in Sources */,
				9A3BB3202209F3E600722A40 /* MovieListGateway.swift in Sources */,
				9A3BB3252209F47200722A40 /* DefaultMovieListGateway.swift in Sources */,
			);
			runOnlyForDeploymentPostprocessing = 0;
		};
		9A3BB2FF2209EB4900722A40 /* Sources */ = {
			isa = PBXSourcesBuildPhase;
			buildActionMask = 2147483647;
			files = (
				9A3BB334220AEB2C00722A40 /* TestError.swift in Sources */,
				9A3BB33F220AF5CB00722A40 /* TestMovieListStorage.swift in Sources */,
				9A3BB332220AE96900722A40 /* TestMovieListModelOutput.swift in Sources */,
				9A3BB32B220AD44200722A40 /* MovieListTests.swift in Sources */,
				9A3BB330220AE94100722A40 /* TestMovieListGateway.swift in Sources */,
				9AA40101220B2F0400222C62 /* MovieListItem+Create.swift in Sources */,
			);
			runOnlyForDeploymentPostprocessing = 0;
		};
/* End PBXSourcesBuildPhase section */

/* Begin PBXTargetDependency section */
		9A3BB3052209EB4900722A40 /* PBXTargetDependency */ = {
			isa = PBXTargetDependency;
			target = 9A3BB2EE2209EB4900722A40 /* Movies */;
			targetProxy = 9A3BB3042209EB4900722A40 /* PBXContainerItemProxy */;
		};
/* End PBXTargetDependency section */

/* Begin PBXVariantGroup section */
		9A3BB2FB2209EB4900722A40 /* LaunchScreen.storyboard */ = {
			isa = PBXVariantGroup;
			children = (
				9A3BB2FC2209EB4900722A40 /* Base */,
			);
			name = LaunchScreen.storyboard;
			sourceTree = "<group>";
		};
/* End PBXVariantGroup section */

/* Begin XCBuildConfiguration section */
		9A3BB30A2209EB4900722A40 /* Debug */ = {
			isa = XCBuildConfiguration;
			buildSettings = {
				ALWAYS_SEARCH_USER_PATHS = NO;
				CLANG_ANALYZER_NONNULL = YES;
				CLANG_ANALYZER_NUMBER_OBJECT_CONVERSION = YES_AGGRESSIVE;
				CLANG_CXX_LANGUAGE_STANDARD = "gnu++14";
				CLANG_CXX_LIBRARY = "libc++";
				CLANG_ENABLE_MODULES = YES;
				CLANG_ENABLE_OBJC_ARC = YES;
				CLANG_ENABLE_OBJC_WEAK = YES;
				CLANG_WARN_BLOCK_CAPTURE_AUTORELEASING = YES;
				CLANG_WARN_BOOL_CONVERSION = YES;
				CLANG_WARN_COMMA = YES;
				CLANG_WARN_CONSTANT_CONVERSION = YES;
				CLANG_WARN_DEPRECATED_OBJC_IMPLEMENTATIONS = YES;
				CLANG_WARN_DIRECT_OBJC_ISA_USAGE = YES_ERROR;
				CLANG_WARN_DOCUMENTATION_COMMENTS = YES;
				CLANG_WARN_EMPTY_BODY = YES;
				CLANG_WARN_ENUM_CONVERSION = YES;
				CLANG_WARN_INFINITE_RECURSION = YES;
				CLANG_WARN_INT_CONVERSION = YES;
				CLANG_WARN_NON_LITERAL_NULL_CONVERSION = YES;
				CLANG_WARN_OBJC_IMPLICIT_RETAIN_SELF = YES;
				CLANG_WARN_OBJC_LITERAL_CONVERSION = YES;
				CLANG_WARN_OBJC_ROOT_CLASS = YES_ERROR;
				CLANG_WARN_RANGE_LOOP_ANALYSIS = YES;
				CLANG_WARN_STRICT_PROTOTYPES = YES;
				CLANG_WARN_SUSPICIOUS_MOVE = YES;
				CLANG_WARN_UNGUARDED_AVAILABILITY = YES_AGGRESSIVE;
				CLANG_WARN_UNREACHABLE_CODE = YES;
				CLANG_WARN__DUPLICATE_METHOD_MATCH = YES;
				CODE_SIGN_IDENTITY = "iPhone Developer";
				COPY_PHASE_STRIP = NO;
				DEBUG_INFORMATION_FORMAT = dwarf;
				ENABLE_STRICT_OBJC_MSGSEND = YES;
				ENABLE_TESTABILITY = YES;
				GCC_C_LANGUAGE_STANDARD = gnu11;
				GCC_DYNAMIC_NO_PIC = NO;
				GCC_NO_COMMON_BLOCKS = YES;
				GCC_OPTIMIZATION_LEVEL = 0;
				GCC_PREPROCESSOR_DEFINITIONS = (
					"DEBUG=1",
					"$(inherited)",
				);
				GCC_WARN_64_TO_32_BIT_CONVERSION = YES;
				GCC_WARN_ABOUT_RETURN_TYPE = YES_ERROR;
				GCC_WARN_UNDECLARED_SELECTOR = YES;
				GCC_WARN_UNINITIALIZED_AUTOS = YES_AGGRESSIVE;
				GCC_WARN_UNUSED_FUNCTION = YES;
				GCC_WARN_UNUSED_VARIABLE = YES;
				IPHONEOS_DEPLOYMENT_TARGET = 12.1;
				MTL_ENABLE_DEBUG_INFO = INCLUDE_SOURCE;
				MTL_FAST_MATH = YES;
				ONLY_ACTIVE_ARCH = YES;
				SDKROOT = iphoneos;
				SWIFT_ACTIVE_COMPILATION_CONDITIONS = DEBUG;
				SWIFT_OPTIMIZATION_LEVEL = "-Onone";
			};
			name = Debug;
		};
		9A3BB30B2209EB4900722A40 /* Release */ = {
			isa = XCBuildConfiguration;
			buildSettings = {
				ALWAYS_SEARCH_USER_PATHS = NO;
				CLANG_ANALYZER_NONNULL = YES;
				CLANG_ANALYZER_NUMBER_OBJECT_CONVERSION = YES_AGGRESSIVE;
				CLANG_CXX_LANGUAGE_STANDARD = "gnu++14";
				CLANG_CXX_LIBRARY = "libc++";
				CLANG_ENABLE_MODULES = YES;
				CLANG_ENABLE_OBJC_ARC = YES;
				CLANG_ENABLE_OBJC_WEAK = YES;
				CLANG_WARN_BLOCK_CAPTURE_AUTORELEASING = YES;
				CLANG_WARN_BOOL_CONVERSION = YES;
				CLANG_WARN_COMMA = YES;
				CLANG_WARN_CONSTANT_CONVERSION = YES;
				CLANG_WARN_DEPRECATED_OBJC_IMPLEMENTATIONS = YES;
				CLANG_WARN_DIRECT_OBJC_ISA_USAGE = YES_ERROR;
				CLANG_WARN_DOCUMENTATION_COMMENTS = YES;
				CLANG_WARN_EMPTY_BODY = YES;
				CLANG_WARN_ENUM_CONVERSION = YES;
				CLANG_WARN_INFINITE_RECURSION = YES;
				CLANG_WARN_INT_CONVERSION = YES;
				CLANG_WARN_NON_LITERAL_NULL_CONVERSION = YES;
				CLANG_WARN_OBJC_IMPLICIT_RETAIN_SELF = YES;
				CLANG_WARN_OBJC_LITERAL_CONVERSION = YES;
				CLANG_WARN_OBJC_ROOT_CLASS = YES_ERROR;
				CLANG_WARN_RANGE_LOOP_ANALYSIS = YES;
				CLANG_WARN_STRICT_PROTOTYPES = YES;
				CLANG_WARN_SUSPICIOUS_MOVE = YES;
				CLANG_WARN_UNGUARDED_AVAILABILITY = YES_AGGRESSIVE;
				CLANG_WARN_UNREACHABLE_CODE = YES;
				CLANG_WARN__DUPLICATE_METHOD_MATCH = YES;
				CODE_SIGN_IDENTITY = "iPhone Developer";
				COPY_PHASE_STRIP = NO;
				DEBUG_INFORMATION_FORMAT = "dwarf-with-dsym";
				ENABLE_NS_ASSERTIONS = NO;
				ENABLE_STRICT_OBJC_MSGSEND = YES;
				GCC_C_LANGUAGE_STANDARD = gnu11;
				GCC_NO_COMMON_BLOCKS = YES;
				GCC_WARN_64_TO_32_BIT_CONVERSION = YES;
				GCC_WARN_ABOUT_RETURN_TYPE = YES_ERROR;
				GCC_WARN_UNDECLARED_SELECTOR = YES;
				GCC_WARN_UNINITIALIZED_AUTOS = YES_AGGRESSIVE;
				GCC_WARN_UNUSED_FUNCTION = YES;
				GCC_WARN_UNUSED_VARIABLE = YES;
				IPHONEOS_DEPLOYMENT_TARGET = 12.1;
				MTL_ENABLE_DEBUG_INFO = NO;
				MTL_FAST_MATH = YES;
				SDKROOT = iphoneos;
				SWIFT_COMPILATION_MODE = wholemodule;
				SWIFT_OPTIMIZATION_LEVEL = "-O";
				VALIDATE_PRODUCT = YES;
			};
			name = Release;
		};
		9A3BB30D2209EB4900722A40 /* Debug */ = {
			isa = XCBuildConfiguration;
			baseConfigurationReference = 283E2DA4B631396316546F01 /* Pods-Movies.debug.xcconfig */;
			buildSettings = {
				ASSETCATALOG_COMPILER_APPICON_NAME = AppIcon;
				CODE_SIGN_STYLE = Automatic;
				DEVELOPMENT_TEAM = P2WXCB7LXR;
				INFOPLIST_FILE = "Movies/Supporting Files/Info.plist";
				LD_RUNPATH_SEARCH_PATHS = (
					"$(inherited)",
					"@executable_path/Frameworks",
				);
				PRODUCT_BUNDLE_IDENTIFIER = com.dennytwix.Movies;
				PRODUCT_NAME = "$(TARGET_NAME)";
				SWIFT_VERSION = 4.2;
				TARGETED_DEVICE_FAMILY = "1,2";
			};
			name = Debug;
		};
		9A3BB30E2209EB4900722A40 /* Release */ = {
			isa = XCBuildConfiguration;
			baseConfigurationReference = 52385860606F8D1ECFC2EA08 /* Pods-Movies.release.xcconfig */;
			buildSettings = {
				ASSETCATALOG_COMPILER_APPICON_NAME = AppIcon;
				CODE_SIGN_STYLE = Automatic;
				DEVELOPMENT_TEAM = P2WXCB7LXR;
				INFOPLIST_FILE = "Movies/Supporting Files/Info.plist";
				LD_RUNPATH_SEARCH_PATHS = (
					"$(inherited)",
					"@executable_path/Frameworks",
				);
				PRODUCT_BUNDLE_IDENTIFIER = com.dennytwix.Movies;
				PRODUCT_NAME = "$(TARGET_NAME)";
				SWIFT_VERSION = 4.2;
				TARGETED_DEVICE_FAMILY = "1,2";
			};
			name = Release;
		};
		9A3BB3102209EB4900722A40 /* Debug */ = {
			isa = XCBuildConfiguration;
			baseConfigurationReference = DD520EE14760F37CDCDD21EC /* Pods-MoviesTests.debug.xcconfig */;
			buildSettings = {
				ALWAYS_EMBED_SWIFT_STANDARD_LIBRARIES = YES;
				BUNDLE_LOADER = "$(TEST_HOST)";
				CODE_SIGN_STYLE = Automatic;
				DEVELOPMENT_TEAM = P2WXCB7LXR;
				INFOPLIST_FILE = MoviesTests/Info.plist;
				LD_RUNPATH_SEARCH_PATHS = (
					"$(inherited)",
					"@executable_path/Frameworks",
					"@loader_path/Frameworks",
				);
				PRODUCT_BUNDLE_IDENTIFIER = com.dennytwix.MoviesTests;
				PRODUCT_NAME = "$(TARGET_NAME)";
				SWIFT_VERSION = 4.2;
				TARGETED_DEVICE_FAMILY = "1,2";
				TEST_HOST = "$(BUILT_PRODUCTS_DIR)/Movies.app/Movies";
			};
			name = Debug;
		};
		9A3BB3112209EB4900722A40 /* Release */ = {
			isa = XCBuildConfiguration;
			baseConfigurationReference = 8EB390E213811350330B11C5 /* Pods-MoviesTests.release.xcconfig */;
			buildSettings = {
				ALWAYS_EMBED_SWIFT_STANDARD_LIBRARIES = YES;
				BUNDLE_LOADER = "$(TEST_HOST)";
				CODE_SIGN_STYLE = Automatic;
				DEVELOPMENT_TEAM = P2WXCB7LXR;
				INFOPLIST_FILE = MoviesTests/Info.plist;
				LD_RUNPATH_SEARCH_PATHS = (
					"$(inherited)",
					"@executable_path/Frameworks",
					"@loader_path/Frameworks",
				);
				PRODUCT_BUNDLE_IDENTIFIER = com.dennytwix.MoviesTests;
				PRODUCT_NAME = "$(TARGET_NAME)";
				SWIFT_VERSION = 4.2;
				TARGETED_DEVICE_FAMILY = "1,2";
				TEST_HOST = "$(BUILT_PRODUCTS_DIR)/Movies.app/Movies";
			};
			name = Release;
		};
/* End XCBuildConfiguration section */

/* Begin XCConfigurationList section */
		9A3BB2EA2209EB4900722A40 /* Build configuration list for PBXProject "Movies" */ = {
			isa = XCConfigurationList;
			buildConfigurations = (
				9A3BB30A2209EB4900722A40 /* Debug */,
				9A3BB30B2209EB4900722A40 /* Release */,
			);
			defaultConfigurationIsVisible = 0;
			defaultConfigurationName = Release;
		};
		9A3BB30C2209EB4900722A40 /* Build configuration list for PBXNativeTarget "Movies" */ = {
			isa = XCConfigurationList;
			buildConfigurations = (
				9A3BB30D2209EB4900722A40 /* Debug */,
				9A3BB30E2209EB4900722A40 /* Release */,
			);
			defaultConfigurationIsVisible = 0;
			defaultConfigurationName = Release;
		};
		9A3BB30F2209EB4900722A40 /* Build configuration list for PBXNativeTarget "MoviesTests" */ = {
			isa = XCConfigurationList;
			buildConfigurations = (
				9A3BB3102209EB4900722A40 /* Debug */,
				9A3BB3112209EB4900722A40 /* Release */,
			);
			defaultConfigurationIsVisible = 0;
			defaultConfigurationName = Release;
		};
/* End XCConfigurationList section */
	};
	rootObject = 9A3BB2E72209EB4900722A40 /* Project object */;
}
